
Microsoft Visual Studio Solution File, Format Version 12.00
# Visual Studio Version 17
VisualStudioVersion = 17.4.33122.133
MinimumVisualStudioVersion = 10.0.40219.1
Project("{FAE04EC0-301F-11D3-BF4B-00C04F79EFBC}") = "CpuEmulator.Core", "CpuEmulator.Core\CpuEmulator.Core.csproj", "{4FC2D45A-B80A-4576-BE1F-A6B3DAEACD16}"
EndProject
Global
	GlobalSection(SolutionConfigurationPlatforms) = preSolution
		Debug|Any CPU = Debug|Any CPU
		Release|Any CPU = Release|Any CPU
	EndGlobalSection
	GlobalSection(ProjectConfigurationPlatforms) = postSolution
		{4FC2D45A-B80A-4576-BE1F-A6B3DAEACD16}.Debug|Any CPU.ActiveCfg = Debug|Any CPU
		{4FC2D45A-B80A-4576-BE1F-A6B3DAEACD16}.Debug|Any CPU.Build.0 = Debug|Any CPU
		{4FC2D45A-B80A-4576-BE1F-A6B3DAEACD16}.Release|Any CPU.ActiveCfg = Release|Any CPU
		{4FC2D45A-B80A-4576-BE1F-A6B3DAEACD16}.Release|Any CPU.Build.0 = Release|Any CPU
	EndGlobalSection
	GlobalSection(SolutionProperties) = preSolution
		HideSolutionNode = FALSE
	EndGlobalSection
	GlobalSection(ExtensibilityGlobals) = postSolution
		SolutionGuid = {1305BB8E-33CE-4C15-9541-F41C30FCC9BD}
	EndGlobalSection
EndGlobal
